{
  "R": {
    "Version": "4.4.2",
    "Repositories": [
      {
        "Name": "CRAN",
        "URL": "https://cran.rstudio.com"
      }
    ]
  },
  "Packages": {
    "DBI": {
      "Package": "DBI",
      "Version": "1.2.3",
      "Source": "Repository",
      "Repository": "CRAN",
      "Requirements": [
        "R",
        "methods"
      ],
      "Hash": "065ae649b05f1ff66bb0c793107508f5"
    },
    "KernSmooth": {
      "Package": "KernSmooth",
      "Version": "2.23-24",
      "Source": "Repository",
      "Repository": "CRAN",
      "Requirements": [
        "R",
        "stats"
      ],
      "Hash": "9f33a1ee37bbe8919eb2ec4b9f2473a5"
    },
    "MASS": {
      "Package": "MASS",
      "Version": "7.3-61",
      "Source": "Repository",
      "Repository": "CRAN",
      "Requirements": [
        "R",
        "grDevices",
        "graphics",
        "methods",
        "stats",
        "utils"
      ],
      "Hash": "0cafd6f0500e5deba33be22c46bf6055"
    },
    "R6": {
      "Package": "R6",
      "Version": "2.6.1",
      "Source": "Repository",
      "Repository": "CRAN",
      "Requirements": [
        "R"
      ],
      "Hash": "d4335fe7207f1c01ab8c41762f5840d4"
    },
    "Rcpp": {
      "Package": "Rcpp",
      "Version": "1.0.14",
      "Source": "Repository",
      "Repository": "CRAN",
      "Requirements": [
        "methods",
        "utils"
      ],
      "Hash": "e7bdd9ee90e96921ca8a0f1972d66682"
    },
    "askpass": {
      "Package": "askpass",
      "Version": "1.2.1",
      "Source": "Repository",
      "Repository": "CRAN",
      "Requirements": [
        "sys"
      ],
      "Hash": "c39f4155b3ceb1a9a2799d700fbd4b6a"
    },
    "class": {
      "Package": "class",
      "Version": "7.3-22",
      "Source": "Repository",
      "Repository": "CRAN",
      "Requirements": [
        "MASS",
        "R",
        "stats",
        "utils"
      ],
      "Hash": "f91f6b29f38b8c280f2b9477787d4bb2"
    },
    "classInt": {
      "Package": "classInt",
      "Version": "0.4-11",
      "Source": "Repository",
      "Repository": "CRAN",
      "Requirements": [
        "KernSmooth",
        "R",
        "class",
        "e1071",
        "grDevices",
        "graphics",
        "stats"
      ],
      "Hash": "f2af70314a63d7f025ae668f08bd933a"
    },
    "crayon": {
      "Package": "crayon",
      "Version": "1.5.3",
      "Source": "Repository",
      "Repository": "CRAN",
      "Requirements": [
        "grDevices",
        "methods",
        "utils"
      ],
      "Hash": "859d96e65ef198fd43e82b9628d593ef"
    },
    "curl": {
      "Package": "curl",
      "Version": "6.3.0",
      "Source": "Repository",
      "Repository": "CRAN",
      "Requirements": [
        "R"
      ],
      "Hash": "e7700f16fc74244e37d6fb9b67af3570"
    },
    "e1071": {
      "Package": "e1071",
      "Version": "1.7-16",
      "Source": "Repository",
      "Repository": "CRAN",
      "Requirements": [
        "class",
        "grDevices",
        "graphics",
        "methods",
        "proxy",
        "stats",
        "utils"
      ],
      "Hash": "27a09ca40266a1066d62ef5402dd51d6"
    },
    "httr": {
      "Package": "httr",
      "Version": "1.4.7",
      "Source": "Repository",
      "Repository": "CRAN",
      "Requirements": [
        "R",
        "R6",
        "curl",
        "jsonlite",
        "mime",
        "openssl"
      ],
      "Hash": "ac107251d9d9fd72f0ca8049988f1d7f"
    },
    "jsonlite": {
      "Package": "jsonlite",
      "Version": "2.0.0",
      "Source": "Repository",
      "Repository": "CRAN",
      "Requirements": [
        "methods"
      ],
      "Hash": "b0776f526d36d8bd4a3344a88fe165c4"
    },
    "magrittr": {
      "Package": "magrittr",
      "Version": "2.0.3",
      "Source": "Repository",
      "Repository": "CRAN",
      "Requirements": [
        "R"
      ],
      "Hash": "7ce2733a9826b3aeb1775d56fd305472"
    },
    "mime": {
      "Package": "mime",
      "Version": "0.13",
      "Source": "Repository",
      "Repository": "CRAN",
      "Requirements": [
        "tools"
      ],
      "Hash": "0ec19f34c72fab674d8f2b4b1c6410e1"
    },
    "openssl": {
      "Package": "openssl",
      "Version": "2.3.3",
      "Source": "Repository",
      "Repository": "CRAN",
      "Requirements": [
        "askpass"
      ],
      "Hash": "05ce1ed077e8c97fbb3ec1cb078f1159"
    },
    "proxy": {
      "Package": "proxy",
      "Version": "0.4-27",
      "Source": "Repository",
      "Repository": "CRAN",
      "Requirements": [
        "R",
        "stats",
        "utils"
      ],
      "Hash": "e0ef355c12942cf7a6b91a6cfaea8b3e"
    },
    "renv": {
      "Package": "renv",
      "Version": "1.0.7",
      "Source": "Repository",
      "Repository": "CRAN",
      "Requirements": [
        "utils"
      ],
      "Hash": "397b7b2a265bc5a7a06852524dabae20"
    },
    "s2": {
      "Package": "s2",
      "Version": "1.1.9",
      "Source": "Repository",
      "Repository": "CRAN",
      "Requirements": [
        "R",
        "Rcpp",
        "wk"
      ],
      "Hash": "4e664a5d610d58f27ec196e96cdb7f6f"
    },
    "sf": {
      "Package": "sf",
      "Version": "1.0-21",
      "Source": "Repository",
      "Repository": "CRAN",
      "Requirements": [
        "DBI",
        "R",
        "Rcpp",
        "classInt",
        "grDevices",
        "graphics",
        "grid",
        "magrittr",
        "methods",
        "s2",
        "stats",
        "tools",
        "units",
        "utils"
      ],
      "Hash": "14a8dae2a678fa953907893a9df561c0"
    },
    "sys": {
      "Package": "sys",
      "Version": "3.4.3",
      "Source": "Repository",
      "Repository": "CRAN",
      "Hash": "de342ebfebdbf40477d0758d05426646"
    },
    "units": {
      "Package": "units",
      "Version": "0.8-7",
      "Source": "Repository",
      "Repository": "CRAN",
      "Requirements": [
        "R",
        "Rcpp"
      ],
      "Hash": "5d0b024902d5da97a2b64f002e92a869"
    },
    "wk": {
      "Package": "wk",
      "Version": "0.9.4",
      "Source": "Repository",
      "Repository": "CRAN",
      "Requirements": [
        "R"
      ],
      "Hash": "37be35d733130f1de1ef51672cf7cdc0"
    }
  }
}
